
Microsoft Visual Studio Solution File, Format Version 12.00
# Visual Studio 15
VisualStudioVersion = 15.0.27004.2006
MinimumVisualStudioVersion = 10.0.40219.1
Project("{2150E333-8FDC-42A3-9474-1A3956D46DE8}") = "Setup", "Setup", "{379C64CD-6BAC-4FBF-A28B-D3753FCD98A9}"
	ProjectSection(SolutionItems) = preProject
		.dockerignore = .dockerignore
		.travis.yml = .travis.yml
		docker-compose.test.yml = docker-compose.test.yml
		Dockerfile.test = Dockerfile.test
		Dockerfile.test.build = Dockerfile.test.build
		Dockerfile.test.build.sh = Dockerfile.test.build.sh
	EndProjectSection
EndProject
Project("{9A19103F-16F7-4668-BE54-9A1E7A4F7556}") = "Com.BatikSolo.Service.Pos.WebApi", "Com.BatikSolo.Service.Pos.WebApi\Com.BatikSolo.Service.Pos.WebApi.csproj", "{445CEF47-BDD6-4D64-A4C0-5887E470FA2E}"
EndProject
Project("{9A19103F-16F7-4668-BE54-9A1E7A4F7556}") = "Com.BatikSolo.Service.Pos.Lib", "Com.BatikSolo.Service.Pos.Lib\Com.BatikSolo.Service.Pos.Lib.csproj", "{59535BF7-28DD-40F8-9203-DFFB8EA68377}"
EndProject
Project("{9A19103F-16F7-4668-BE54-9A1E7A4F7556}") = "Com.BatikSolo.Service.Pos.Test", "Com.BatikSolo.Service.Pos.Test\Com.BatikSolo.Service.Pos.Test.csproj", "{01B5097D-98EA-4081-B631-D0898B888B5B}"
EndProject
Global
	GlobalSection(SolutionConfigurationPlatforms) = preSolution
		Debug|Any CPU = Debug|Any CPU
		Release|Any CPU = Release|Any CPU
	EndGlobalSection
	GlobalSection(ProjectConfigurationPlatforms) = postSolution
		{445CEF47-BDD6-4D64-A4C0-5887E470FA2E}.Debug|Any CPU.ActiveCfg = Debug|Any CPU
		{445CEF47-BDD6-4D64-A4C0-5887E470FA2E}.Debug|Any CPU.Build.0 = Debug|Any CPU
		{445CEF47-BDD6-4D64-A4C0-5887E470FA2E}.Release|Any CPU.ActiveCfg = Release|Any CPU
		{445CEF47-BDD6-4D64-A4C0-5887E470FA2E}.Release|Any CPU.Build.0 = Release|Any CPU
		{59535BF7-28DD-40F8-9203-DFFB8EA68377}.Debug|Any CPU.ActiveCfg = Debug|Any CPU
		{59535BF7-28DD-40F8-9203-DFFB8EA68377}.Debug|Any CPU.Build.0 = Debug|Any CPU
		{59535BF7-28DD-40F8-9203-DFFB8EA68377}.Release|Any CPU.ActiveCfg = Release|Any CPU
		{59535BF7-28DD-40F8-9203-DFFB8EA68377}.Release|Any CPU.Build.0 = Release|Any CPU
		{01B5097D-98EA-4081-B631-D0898B888B5B}.Debug|Any CPU.ActiveCfg = Debug|Any CPU
		{01B5097D-98EA-4081-B631-D0898B888B5B}.Debug|Any CPU.Build.0 = Debug|Any CPU
		{01B5097D-98EA-4081-B631-D0898B888B5B}.Release|Any CPU.ActiveCfg = Release|Any CPU
		{01B5097D-98EA-4081-B631-D0898B888B5B}.Release|Any CPU.Build.0 = Release|Any CPU
	EndGlobalSection
	GlobalSection(SolutionProperties) = preSolution
		HideSolutionNode = FALSE
	EndGlobalSection
	GlobalSection(ExtensibilityGlobals) = postSolution
		SolutionGuid = {674649B4-727F-4ECB-A43E-5FB293554E36}
	EndGlobalSection
EndGlobal
